
Microsoft Visual Studio Solution File, Format Version 12.00
# Visual Studio Version 16
VisualStudioVersion = 16.0.31205.134
MinimumVisualStudioVersion = 10.0.40219.1
Project("{9A19103F-16F7-4668-BE54-9A1E7A4F7556}") = "CurrencyExchange", "CurrencyExchange\CurrencyExchange.csproj", "{B215DBEF-2A18-4747-AE2E-54683221102A}"
EndProject
Global
	GlobalSection(SolutionConfigurationPlatforms) = preSolution
		Debug|Any CPU = Debug|Any CPU
		Release|Any CPU = Release|Any CPU
	EndGlobalSection
	GlobalSection(ProjectConfigurationPlatforms) = postSolution
		{B215DBEF-2A18-4747-AE2E-54683221102A}.Debug|Any CPU.ActiveCfg = Debug|Any CPU
		{B215DBEF-2A18-4747-AE2E-54683221102A}.Debug|Any CPU.Build.0 = Debug|Any CPU
		{B215DBEF-2A18-4747-AE2E-54683221102A}.Release|Any CPU.ActiveCfg = Release|Any CPU
		{B215DBEF-2A18-4747-AE2E-54683221102A}.Release|Any CPU.Build.0 = Release|Any CPU
	EndGlobalSection
	GlobalSection(SolutionProperties) = preSolution
		HideSolutionNode = FALSE
	EndGlobalSection
	GlobalSection(ExtensibilityGlobals) = postSolution
		SolutionGuid = {09ECBE21-7C46-4025-AC45-980E08E3D80B}
	EndGlobalSection
EndGlobal
